
Microsoft Visual Studio Solution File, Format Version 12.00
# Visual Studio Version 16
VisualStudioVersion = 16.0.29509.3
MinimumVisualStudioVersion = 10.0.40219.1
Project("{9A19103F-16F7-4668-BE54-9A1E7A4F7556}") = "ConsoleApp1", "ConsoleApp1\ConsoleApp1.csproj", "{4312071E-A6FA-4074-9C23-7899E88E961A}"
EndProject
Project("{9A19103F-16F7-4668-BE54-9A1E7A4F7556}") = "TextInput", "TextInput\TextInput.csproj", "{DF914F1E-751F-4997-B530-0D12AFB254BD}"
EndProject
Project("{9A19103F-16F7-4668-BE54-9A1E7A4F7556}") = "ExerciseAnswer", "Exercise_Answer\ExerciseAnswer.csproj", "{4775C900-6B7E-4508-B2C3-82FA2FF5556A}"
EndProject
Project("{9A19103F-16F7-4668-BE54-9A1E7A4F7556}") = "Day_0_Hello_World!", "ThirtyDaysOfCode\Day_0_Hello,World!\Day_0_Hello_World!\Day_0_Hello_World!.csproj", "{BF1F1B27-9546-448B-A9C4-2D6A07E61E14}"
EndProject
Project("{9A19103F-16F7-4668-BE54-9A1E7A4F7556}") = "Day_1_Data_Types", "ThirtyDaysOfCode\Day_1_Data_Types\Day_1_Data_Types\Day_1_Data_Types.csproj", "{D5552955-15B0-4D77-880B-9CF017327A13}"
EndProject
Project("{9A19103F-16F7-4668-BE54-9A1E7A4F7556}") = "Day_2_Operators", "ThirtyDaysOfCode\Day_2_Operators\Day_2_Operators\Day_2_Operators.csproj", "{282B62F4-3C8E-4DC0-B9BD-0F90ED40AAD7}"
EndProject
Project("{9A19103F-16F7-4668-BE54-9A1E7A4F7556}") = "Day_3_Conditions", "ThirtyDaysOfCode\Day_3_Intro_to_Conditional_Statements\Day_3_Conditions\Day_3_Conditions.csproj", "{2C9C6E3E-F1D8-4ABB-B0D3-E6C7297CE9C9}"
EndProject
Project("{9A19103F-16F7-4668-BE54-9A1E7A4F7556}") = "Day_4_Class_vs_Instance", "ThirtyDaysOfCode\Day_4_Class_vs_Instance\Day_4_Class_vs_Instance.csproj", "{47D24D3D-16D4-4781-AA8D-99EEFD1C6E01}"
EndProject
Project("{9A19103F-16F7-4668-BE54-9A1E7A4F7556}") = "Day_6_Lets_Review", "ThirtyDaysOfCode\Day_6_Lets_Review\Day_6_Lets_Review.csproj", "{9A3C41C6-44B9-4186-B198-F03D84CBB07E}"
EndProject
Project("{9A19103F-16F7-4668-BE54-9A1E7A4F7556}") = "Day_7_Arrays", "ThirtyDaysOfCode\Day_7_Arrays\Day_7_Arrays.csproj", "{5421E273-CB6E-4405-AFDE-CC39BB819D63}"
EndProject
Project("{9A19103F-16F7-4668-BE54-9A1E7A4F7556}") = "Day_5_Loops", "ThirtyDaysOfCode\Day_5_Loops\Day_5_Loops.csproj", "{E7113559-B40F-4471-9605-E516F3FA8395}"
EndProject
Project("{9A19103F-16F7-4668-BE54-9A1E7A4F7556}") = "Day_8_Dictionaries_and_Maps", "ThirtyDaysOfCode\Day_8_Dictionaries_and_Maps\Day_8_Dictionaries_and_Maps.csproj", "{1B6B2F99-8296-4158-9B9B-4C32942D46EC}"
EndProject
Project("{9A19103F-16F7-4668-BE54-9A1E7A4F7556}") = "Day_9_Recursion_3", "ThirtyDaysOfCode\Day_9_Recursion_3\Day_9_Recursion_3.csproj", "{59AC8D26-DF14-47D9-8C29-2C01DA1994FD}"
EndProject
Project("{9A19103F-16F7-4668-BE54-9A1E7A4F7556}") = "Day_10_Binary_Numbers", "ThirtyDaysOfCode\Day_10_Binary_Numbers\Day_10_Binary_Numbers.csproj", "{F02A75D2-4951-45F5-9632-2BE9F2CC83D9}"
EndProject
Project("{9A19103F-16F7-4668-BE54-9A1E7A4F7556}") = "Day_11_2DArrays", "ThirtyDaysOfCode\Day_11_2DArrays\Day_11_2DArrays.csproj", "{D96AF53F-956A-4145-8667-98F7A6F0F24B}"
EndProject
Project("{9A19103F-16F7-4668-BE54-9A1E7A4F7556}") = "Day_12_Inheritance", "ThirtyDaysOfCode\Day_12_Inheritance\Day_12_Inheritance.csproj", "{E766645A-5871-4A0F-8E1B-B03DAF99D363}"
EndProject
Project("{9A19103F-16F7-4668-BE54-9A1E7A4F7556}") = "Day_13_Abstract_Classes", "ThirtyDaysOfCode\Day_13_Abstract_Classes\Day_13_Abstract_Classes.csproj", "{BD0BA5B3-DAE4-4396-9929-83419CF0274B}"
EndProject
Project("{9A19103F-16F7-4668-BE54-9A1E7A4F7556}") = "Day_14_Scope", "ThirtyDaysOfCode\Day_14_Scope\Day_14_Scope.csproj", "{B5804314-CB63-4749-BC42-F7EE7592DED5}"
EndProject
Project("{9A19103F-16F7-4668-BE54-9A1E7A4F7556}") = "Day_15_Linked_List", "ThirtyDaysOfCode\Day_15_Linked_List\Day_15_Linked_List.csproj", "{3F464C08-4000-487B-9341-A50CDFD4EFD0}"
EndProject
Project("{9A19103F-16F7-4668-BE54-9A1E7A4F7556}") = "Day_16_Exceptions_StringToInteger", "ThirtyDaysOfCode\Day_16_Exceptions_StringToInteger\Day_16_Exceptions_StringToInteger.csproj", "{57903948-CCC1-4FCD-89C0-4DE9A140FDC1}"
EndProject
Project("{9A19103F-16F7-4668-BE54-9A1E7A4F7556}") = "Day_17_More_Exceptions", "ThirtyDaysOfCode\Day_17_More_Exceptions\Day_17_More_Exceptions.csproj", "{340EB69F-35B5-4EE9-A75A-B345E113C471}"
EndProject
Project("{9A19103F-16F7-4668-BE54-9A1E7A4F7556}") = "Day_18_Queues_And_Stacks", "ThirtyDaysOfCode\Day_18_Queues_And_Stacks\Day_18_Queues_And_Stacks.csproj", "{4E2E7D27-54A4-4791-A9CA-C970C708950A}"
EndProject
Project("{9A19103F-16F7-4668-BE54-9A1E7A4F7556}") = "Day_19_Interfaces", "ThirtyDaysOfCode\Day_19_Interfaces\Day_19_Interfaces.csproj", "{8BC7AB76-956A-470D-BAFE-B892FA7C95BF}"
EndProject
Project("{9A19103F-16F7-4668-BE54-9A1E7A4F7556}") = "Day_20_Sorting", "ThirtyDaysOfCode\Day_20_Sorting\Day_20_Sorting.csproj", "{770337B6-31A3-4F6F-A923-F01041153694}"
EndProject
Project("{9A19103F-16F7-4668-BE54-9A1E7A4F7556}") = "Day_21_Generics", "ThirtyDaysOfCode\Day_21_Generics\Day_21_Generics.csproj", "{75FED6AA-4997-4B58-8745-B8FB39888FC1}"
EndProject
Project("{9A19103F-16F7-4668-BE54-9A1E7A4F7556}") = "Day_22_Binary_Search_Trees", "ThirtyDaysOfCode\Day_22_Binary_Search_Trees\Day_22_Binary_Search_Trees.csproj", "{824719A3-6965-46F4-AB5D-7D31350A1210}"
EndProject
Project("{9A19103F-16F7-4668-BE54-9A1E7A4F7556}") = "Day_23_BST_Level-Order_Traversal", "ThirtyDaysOfCode\Day_23_BST_Level-Order_Traversal\Day_23_BST_Level-Order_Traversal.csproj", "{0C697B2A-8A69-4A4B-9561-A9FA6B0D66B7}"
EndProject
Project("{9A19103F-16F7-4668-BE54-9A1E7A4F7556}") = "Day_24_More_Linked_Lists", "ThirtyDaysOfCode\Day_24_More_Linked_Lists\Day_24_More_Linked_Lists.csproj", "{57D14ABE-2D1C-4E5A-B533-B50D902581C0}"
EndProject
Project("{FAE04EC0-301F-11D3-BF4B-00C04F79EFBC}") = "Day_25_Running_Time_and_Complexity", "ThirtyDaysOfCode\Day_25_Running_Time_and_Complexity\Day_25_Running_Time_and_Complexity.csproj", "{D1815A81-E28D-4223-8FE0-197280493D2B}"
EndProject
Global
	GlobalSection(SolutionConfigurationPlatforms) = preSolution
		Debug|Any CPU = Debug|Any CPU
		Release|Any CPU = Release|Any CPU
	EndGlobalSection
	GlobalSection(ProjectConfigurationPlatforms) = postSolution
		{4312071E-A6FA-4074-9C23-7899E88E961A}.Debug|Any CPU.ActiveCfg = Debug|Any CPU
		{4312071E-A6FA-4074-9C23-7899E88E961A}.Debug|Any CPU.Build.0 = Debug|Any CPU
		{4312071E-A6FA-4074-9C23-7899E88E961A}.Release|Any CPU.ActiveCfg = Release|Any CPU
		{4312071E-A6FA-4074-9C23-7899E88E961A}.Release|Any CPU.Build.0 = Release|Any CPU
		{DF914F1E-751F-4997-B530-0D12AFB254BD}.Debug|Any CPU.ActiveCfg = Debug|Any CPU
		{DF914F1E-751F-4997-B530-0D12AFB254BD}.Debug|Any CPU.Build.0 = Debug|Any CPU
		{DF914F1E-751F-4997-B530-0D12AFB254BD}.Release|Any CPU.ActiveCfg = Release|Any CPU
		{DF914F1E-751F-4997-B530-0D12AFB254BD}.Release|Any CPU.Build.0 = Release|Any CPU
		{4775C900-6B7E-4508-B2C3-82FA2FF5556A}.Debug|Any CPU.ActiveCfg = Debug|Any CPU
		{4775C900-6B7E-4508-B2C3-82FA2FF5556A}.Debug|Any CPU.Build.0 = Debug|Any CPU
		{4775C900-6B7E-4508-B2C3-82FA2FF5556A}.Release|Any CPU.ActiveCfg = Release|Any CPU
		{4775C900-6B7E-4508-B2C3-82FA2FF5556A}.Release|Any CPU.Build.0 = Release|Any CPU
		{BF1F1B27-9546-448B-A9C4-2D6A07E61E14}.Debug|Any CPU.ActiveCfg = Debug|Any CPU
		{BF1F1B27-9546-448B-A9C4-2D6A07E61E14}.Debug|Any CPU.Build.0 = Debug|Any CPU
		{BF1F1B27-9546-448B-A9C4-2D6A07E61E14}.Release|Any CPU.ActiveCfg = Release|Any CPU
		{BF1F1B27-9546-448B-A9C4-2D6A07E61E14}.Release|Any CPU.Build.0 = Release|Any CPU
		{D5552955-15B0-4D77-880B-9CF017327A13}.Debug|Any CPU.ActiveCfg = Debug|Any CPU
		{D5552955-15B0-4D77-880B-9CF017327A13}.Debug|Any CPU.Build.0 = Debug|Any CPU
		{D5552955-15B0-4D77-880B-9CF017327A13}.Release|Any CPU.ActiveCfg = Release|Any CPU
		{D5552955-15B0-4D77-880B-9CF017327A13}.Release|Any CPU.Build.0 = Release|Any CPU
		{282B62F4-3C8E-4DC0-B9BD-0F90ED40AAD7}.Debug|Any CPU.ActiveCfg = Debug|Any CPU
		{282B62F4-3C8E-4DC0-B9BD-0F90ED40AAD7}.Debug|Any CPU.Build.0 = Debug|Any CPU
		{282B62F4-3C8E-4DC0-B9BD-0F90ED40AAD7}.Release|Any CPU.ActiveCfg = Release|Any CPU
		{282B62F4-3C8E-4DC0-B9BD-0F90ED40AAD7}.Release|Any CPU.Build.0 = Release|Any CPU
		{2C9C6E3E-F1D8-4ABB-B0D3-E6C7297CE9C9}.Debug|Any CPU.ActiveCfg = Debug|Any CPU
		{2C9C6E3E-F1D8-4ABB-B0D3-E6C7297CE9C9}.Debug|Any CPU.Build.0 = Debug|Any CPU
		{2C9C6E3E-F1D8-4ABB-B0D3-E6C7297CE9C9}.Release|Any CPU.ActiveCfg = Release|Any CPU
		{2C9C6E3E-F1D8-4ABB-B0D3-E6C7297CE9C9}.Release|Any CPU.Build.0 = Release|Any CPU
		{47D24D3D-16D4-4781-AA8D-99EEFD1C6E01}.Debug|Any CPU.ActiveCfg = Debug|Any CPU
		{47D24D3D-16D4-4781-AA8D-99EEFD1C6E01}.Debug|Any CPU.Build.0 = Debug|Any CPU
		{47D24D3D-16D4-4781-AA8D-99EEFD1C6E01}.Release|Any CPU.ActiveCfg = Release|Any CPU
		{47D24D3D-16D4-4781-AA8D-99EEFD1C6E01}.Release|Any CPU.Build.0 = Release|Any CPU
		{9A3C41C6-44B9-4186-B198-F03D84CBB07E}.Debug|Any CPU.ActiveCfg = Debug|Any CPU
		{9A3C41C6-44B9-4186-B198-F03D84CBB07E}.Debug|Any CPU.Build.0 = Debug|Any CPU
		{9A3C41C6-44B9-4186-B198-F03D84CBB07E}.Release|Any CPU.ActiveCfg = Release|Any CPU
		{9A3C41C6-44B9-4186-B198-F03D84CBB07E}.Release|Any CPU.Build.0 = Release|Any CPU
		{5421E273-CB6E-4405-AFDE-CC39BB819D63}.Debug|Any CPU.ActiveCfg = Debug|Any CPU
		{5421E273-CB6E-4405-AFDE-CC39BB819D63}.Debug|Any CPU.Build.0 = Debug|Any CPU
		{5421E273-CB6E-4405-AFDE-CC39BB819D63}.Release|Any CPU.ActiveCfg = Release|Any CPU
		{5421E273-CB6E-4405-AFDE-CC39BB819D63}.Release|Any CPU.Build.0 = Release|Any CPU
		{E7113559-B40F-4471-9605-E516F3FA8395}.Debug|Any CPU.ActiveCfg = Debug|Any CPU
		{E7113559-B40F-4471-9605-E516F3FA8395}.Debug|Any CPU.Build.0 = Debug|Any CPU
		{E7113559-B40F-4471-9605-E516F3FA8395}.Release|Any CPU.ActiveCfg = Release|Any CPU
		{E7113559-B40F-4471-9605-E516F3FA8395}.Release|Any CPU.Build.0 = Release|Any CPU
		{1B6B2F99-8296-4158-9B9B-4C32942D46EC}.Debug|Any CPU.ActiveCfg = Debug|Any CPU
		{1B6B2F99-8296-4158-9B9B-4C32942D46EC}.Debug|Any CPU.Build.0 = Debug|Any CPU
		{1B6B2F99-8296-4158-9B9B-4C32942D46EC}.Release|Any CPU.ActiveCfg = Release|Any CPU
		{1B6B2F99-8296-4158-9B9B-4C32942D46EC}.Release|Any CPU.Build.0 = Release|Any CPU
		{59AC8D26-DF14-47D9-8C29-2C01DA1994FD}.Debug|Any CPU.ActiveCfg = Debug|Any CPU
		{59AC8D26-DF14-47D9-8C29-2C01DA1994FD}.Debug|Any CPU.Build.0 = Debug|Any CPU
		{59AC8D26-DF14-47D9-8C29-2C01DA1994FD}.Release|Any CPU.ActiveCfg = Release|Any CPU
		{59AC8D26-DF14-47D9-8C29-2C01DA1994FD}.Release|Any CPU.Build.0 = Release|Any CPU
		{F02A75D2-4951-45F5-9632-2BE9F2CC83D9}.Debug|Any CPU.ActiveCfg = Debug|Any CPU
		{F02A75D2-4951-45F5-9632-2BE9F2CC83D9}.Debug|Any CPU.Build.0 = Debug|Any CPU
		{F02A75D2-4951-45F5-9632-2BE9F2CC83D9}.Release|Any CPU.ActiveCfg = Release|Any CPU
		{F02A75D2-4951-45F5-9632-2BE9F2CC83D9}.Release|Any CPU.Build.0 = Release|Any CPU
		{D96AF53F-956A-4145-8667-98F7A6F0F24B}.Debug|Any CPU.ActiveCfg = Debug|Any CPU
		{D96AF53F-956A-4145-8667-98F7A6F0F24B}.Debug|Any CPU.Build.0 = Debug|Any CPU
		{D96AF53F-956A-4145-8667-98F7A6F0F24B}.Release|Any CPU.ActiveCfg = Release|Any CPU
		{D96AF53F-956A-4145-8667-98F7A6F0F24B}.Release|Any CPU.Build.0 = Release|Any CPU
		{E766645A-5871-4A0F-8E1B-B03DAF99D363}.Debug|Any CPU.ActiveCfg = Debug|Any CPU
		{E766645A-5871-4A0F-8E1B-B03DAF99D363}.Debug|Any CPU.Build.0 = Debug|Any CPU
		{E766645A-5871-4A0F-8E1B-B03DAF99D363}.Release|Any CPU.ActiveCfg = Release|Any CPU
		{E766645A-5871-4A0F-8E1B-B03DAF99D363}.Release|Any CPU.Build.0 = Release|Any CPU
		{BD0BA5B3-DAE4-4396-9929-83419CF0274B}.Debug|Any CPU.ActiveCfg = Debug|Any CPU
		{BD0BA5B3-DAE4-4396-9929-83419CF0274B}.Debug|Any CPU.Build.0 = Debug|Any CPU
		{BD0BA5B3-DAE4-4396-9929-83419CF0274B}.Release|Any CPU.ActiveCfg = Release|Any CPU
		{BD0BA5B3-DAE4-4396-9929-83419CF0274B}.Release|Any CPU.Build.0 = Release|Any CPU
		{B5804314-CB63-4749-BC42-F7EE7592DED5}.Debug|Any CPU.ActiveCfg = Debug|Any CPU
		{B5804314-CB63-4749-BC42-F7EE7592DED5}.Debug|Any CPU.Build.0 = Debug|Any CPU
		{B5804314-CB63-4749-BC42-F7EE7592DED5}.Release|Any CPU.ActiveCfg = Release|Any CPU
		{B5804314-CB63-4749-BC42-F7EE7592DED5}.Release|Any CPU.Build.0 = Release|Any CPU
		{3F464C08-4000-487B-9341-A50CDFD4EFD0}.Debug|Any CPU.ActiveCfg = Debug|Any CPU
		{3F464C08-4000-487B-9341-A50CDFD4EFD0}.Debug|Any CPU.Build.0 = Debug|Any CPU
		{3F464C08-4000-487B-9341-A50CDFD4EFD0}.Release|Any CPU.ActiveCfg = Release|Any CPU
		{3F464C08-4000-487B-9341-A50CDFD4EFD0}.Release|Any CPU.Build.0 = Release|Any CPU
		{57903948-CCC1-4FCD-89C0-4DE9A140FDC1}.Debug|Any CPU.ActiveCfg = Debug|Any CPU
		{57903948-CCC1-4FCD-89C0-4DE9A140FDC1}.Debug|Any CPU.Build.0 = Debug|Any CPU
		{57903948-CCC1-4FCD-89C0-4DE9A140FDC1}.Release|Any CPU.ActiveCfg = Release|Any CPU
		{57903948-CCC1-4FCD-89C0-4DE9A140FDC1}.Release|Any CPU.Build.0 = Release|Any CPU
		{340EB69F-35B5-4EE9-A75A-B345E113C471}.Debug|Any CPU.ActiveCfg = Debug|Any CPU
		{340EB69F-35B5-4EE9-A75A-B345E113C471}.Debug|Any CPU.Build.0 = Debug|Any CPU
		{340EB69F-35B5-4EE9-A75A-B345E113C471}.Release|Any CPU.ActiveCfg = Release|Any CPU
		{340EB69F-35B5-4EE9-A75A-B345E113C471}.Release|Any CPU.Build.0 = Release|Any CPU
		{4E2E7D27-54A4-4791-A9CA-C970C708950A}.Debug|Any CPU.ActiveCfg = Debug|Any CPU
		{4E2E7D27-54A4-4791-A9CA-C970C708950A}.Debug|Any CPU.Build.0 = Debug|Any CPU
		{4E2E7D27-54A4-4791-A9CA-C970C708950A}.Release|Any CPU.ActiveCfg = Release|Any CPU
		{4E2E7D27-54A4-4791-A9CA-C970C708950A}.Release|Any CPU.Build.0 = Release|Any CPU
		{8BC7AB76-956A-470D-BAFE-B892FA7C95BF}.Debug|Any CPU.ActiveCfg = Debug|Any CPU
		{8BC7AB76-956A-470D-BAFE-B892FA7C95BF}.Debug|Any CPU.Build.0 = Debug|Any CPU
		{8BC7AB76-956A-470D-BAFE-B892FA7C95BF}.Release|Any CPU.ActiveCfg = Release|Any CPU
		{8BC7AB76-956A-470D-BAFE-B892FA7C95BF}.Release|Any CPU.Build.0 = Release|Any CPU
		{770337B6-31A3-4F6F-A923-F01041153694}.Debug|Any CPU.ActiveCfg = Debug|Any CPU
		{770337B6-31A3-4F6F-A923-F01041153694}.Debug|Any CPU.Build.0 = Debug|Any CPU
		{770337B6-31A3-4F6F-A923-F01041153694}.Release|Any CPU.ActiveCfg = Release|Any CPU
		{770337B6-31A3-4F6F-A923-F01041153694}.Release|Any CPU.Build.0 = Release|Any CPU
		{75FED6AA-4997-4B58-8745-B8FB39888FC1}.Debug|Any CPU.ActiveCfg = Debug|Any CPU
		{75FED6AA-4997-4B58-8745-B8FB39888FC1}.Debug|Any CPU.Build.0 = Debug|Any CPU
		{75FED6AA-4997-4B58-8745-B8FB39888FC1}.Release|Any CPU.ActiveCfg = Release|Any CPU
		{75FED6AA-4997-4B58-8745-B8FB39888FC1}.Release|Any CPU.Build.0 = Release|Any CPU
		{824719A3-6965-46F4-AB5D-7D31350A1210}.Debug|Any CPU.ActiveCfg = Debug|Any CPU
		{824719A3-6965-46F4-AB5D-7D31350A1210}.Debug|Any CPU.Build.0 = Debug|Any CPU
		{824719A3-6965-46F4-AB5D-7D31350A1210}.Release|Any CPU.ActiveCfg = Release|Any CPU
		{824719A3-6965-46F4-AB5D-7D31350A1210}.Release|Any CPU.Build.0 = Release|Any CPU
		{0C697B2A-8A69-4A4B-9561-A9FA6B0D66B7}.Debug|Any CPU.ActiveCfg = Debug|Any CPU
		{0C697B2A-8A69-4A4B-9561-A9FA6B0D66B7}.Debug|Any CPU.Build.0 = Debug|Any CPU
		{0C697B2A-8A69-4A4B-9561-A9FA6B0D66B7}.Release|Any CPU.ActiveCfg = Release|Any CPU
		{0C697B2A-8A69-4A4B-9561-A9FA6B0D66B7}.Release|Any CPU.Build.0 = Release|Any CPU
		{57D14ABE-2D1C-4E5A-B533-B50D902581C0}.Debug|Any CPU.ActiveCfg = Debug|Any CPU
		{57D14ABE-2D1C-4E5A-B533-B50D902581C0}.Debug|Any CPU.Build.0 = Debug|Any CPU
		{57D14ABE-2D1C-4E5A-B533-B50D902581C0}.Release|Any CPU.ActiveCfg = Release|Any CPU
		{57D14ABE-2D1C-4E5A-B533-B50D902581C0}.Release|Any CPU.Build.0 = Release|Any CPU
		{D1815A81-E28D-4223-8FE0-197280493D2B}.Debug|Any CPU.ActiveCfg = Debug|Any CPU
		{D1815A81-E28D-4223-8FE0-197280493D2B}.Debug|Any CPU.Build.0 = Debug|Any CPU
		{D1815A81-E28D-4223-8FE0-197280493D2B}.Release|Any CPU.ActiveCfg = Release|Any CPU
		{D1815A81-E28D-4223-8FE0-197280493D2B}.Release|Any CPU.Build.0 = Release|Any CPU
	EndGlobalSection
	GlobalSection(SolutionProperties) = preSolution
		HideSolutionNode = FALSE
	EndGlobalSection
	GlobalSection(ExtensibilityGlobals) = postSolution
		SolutionGuid = {B62799A8-C158-4ECD-A706-192A3A92304D}
	EndGlobalSection
EndGlobal
